
Microsoft Visual Studio Solution File, Format Version 12.00
# Visual Studio Version 17
VisualStudioVersion = 17.7.34018.315
MinimumVisualStudioVersion = 10.0.40219.1
Project("{FAE04EC0-301F-11D3-BF4B-00C04F79EFBC}") = "design-patterns-dotnet", "design-patterns-dotnet\design-patterns-dotnet.csproj", "{B1B57732-1A1F-426B-8B7A-21E6EF421C27}"
EndProject
Global
	GlobalSection(SolutionConfigurationPlatforms) = preSolution
		Debug|Any CPU = Debug|Any CPU
		Release|Any CPU = Release|Any CPU
	EndGlobalSection
	GlobalSection(ProjectConfigurationPlatforms) = postSolution
		{B1B57732-1A1F-426B-8B7A-21E6EF421C27}.Debug|Any CPU.ActiveCfg = Debug|Any CPU
		{B1B57732-1A1F-426B-8B7A-21E6EF421C27}.Debug|Any CPU.Build.0 = Debug|Any CPU
		{B1B57732-1A1F-426B-8B7A-21E6EF421C27}.Release|Any CPU.ActiveCfg = Release|Any CPU
		{B1B57732-1A1F-426B-8B7A-21E6EF421C27}.Release|Any CPU.Build.0 = Release|Any CPU
	EndGlobalSection
	GlobalSection(SolutionProperties) = preSolution
		HideSolutionNode = FALSE
	EndGlobalSection
	GlobalSection(ExtensibilityGlobals) = postSolution
		SolutionGuid = {3820C480-BAC2-4C0E-8E7E-4C13B5D73478}
	EndGlobalSection
EndGlobal
